
Microsoft Visual Studio Solution File, Format Version 12.00
# Visual Studio Version 16
VisualStudioVersion = 16.0.31515.178
MinimumVisualStudioVersion = 10.0.40219.1
Project("{FAE04EC0-301F-11D3-BF4B-00C04F79EFBC}") = "dotnet5", "dotnet5\dotnet5.csproj", "{71F5AD86-F7A7-45B9-82C3-25818F08014E}"
EndProject
Global
	GlobalSection(SolutionConfigurationPlatforms) = preSolution
		Debug|Any CPU = Debug|Any CPU
		Release|Any CPU = Release|Any CPU
	EndGlobalSection
	GlobalSection(ProjectConfigurationPlatforms) = postSolution
		{71F5AD86-F7A7-45B9-82C3-25818F08014E}.Debug|Any CPU.ActiveCfg = Debug|Any CPU
		{71F5AD86-F7A7-45B9-82C3-25818F08014E}.Debug|Any CPU.Build.0 = Debug|Any CPU
		{71F5AD86-F7A7-45B9-82C3-25818F08014E}.Release|Any CPU.ActiveCfg = Release|Any CPU
		{71F5AD86-F7A7-45B9-82C3-25818F08014E}.Release|Any CPU.Build.0 = Release|Any CPU
	EndGlobalSection
	GlobalSection(SolutionProperties) = preSolution
		HideSolutionNode = FALSE
	EndGlobalSection
	GlobalSection(ExtensibilityGlobals) = postSolution
		SolutionGuid = {BE9F0181-8247-497C-8C8D-F1998132D13C}
	EndGlobalSection
EndGlobal
